
Microsoft Visual Studio Solution File, Format Version 12.00
# Visual Studio Version 16
VisualStudioVersion = 16.0.29123.89
MinimumVisualStudioVersion = 10.0.40219.1
Project("{9A19103F-16F7-4668-BE54-9A1E7A4F7556}") = "RFT Api", "RFT Api\RFT Api.csproj", "{94461E93-9F3A-43D5-8CAD-034233C13B9B}"
EndProject
Project("{FAE04EC0-301F-11D3-BF4B-00C04F79EFBC}") = "RFT Web", "RFT Web\RFT Web.csproj", "{8E60DDC8-4F76-4318-9FB5-B9B05109521B}"
EndProject
Project("{FAE04EC0-301F-11D3-BF4B-00C04F79EFBC}") = "RFT Desktop", "RFT Desktop\RFT Desktop.csproj", "{8C7593E0-E48B-4153-A47A-FE775F4789DC}"
EndProject
Global
	GlobalSection(SolutionConfigurationPlatforms) = preSolution
		Debug|Any CPU = Debug|Any CPU
		Release|Any CPU = Release|Any CPU
	EndGlobalSection
	GlobalSection(ProjectConfigurationPlatforms) = postSolution
		{94461E93-9F3A-43D5-8CAD-034233C13B9B}.Debug|Any CPU.ActiveCfg = Debug|Any CPU
		{94461E93-9F3A-43D5-8CAD-034233C13B9B}.Debug|Any CPU.Build.0 = Debug|Any CPU
		{94461E93-9F3A-43D5-8CAD-034233C13B9B}.Release|Any CPU.ActiveCfg = Release|Any CPU
		{94461E93-9F3A-43D5-8CAD-034233C13B9B}.Release|Any CPU.Build.0 = Release|Any CPU
		{8E60DDC8-4F76-4318-9FB5-B9B05109521B}.Debug|Any CPU.ActiveCfg = Debug|Any CPU
		{8E60DDC8-4F76-4318-9FB5-B9B05109521B}.Debug|Any CPU.Build.0 = Debug|Any CPU
		{8E60DDC8-4F76-4318-9FB5-B9B05109521B}.Release|Any CPU.ActiveCfg = Release|Any CPU
		{8E60DDC8-4F76-4318-9FB5-B9B05109521B}.Release|Any CPU.Build.0 = Release|Any CPU
		{8C7593E0-E48B-4153-A47A-FE775F4789DC}.Debug|Any CPU.ActiveCfg = Debug|Any CPU
		{8C7593E0-E48B-4153-A47A-FE775F4789DC}.Debug|Any CPU.Build.0 = Debug|Any CPU
		{8C7593E0-E48B-4153-A47A-FE775F4789DC}.Release|Any CPU.ActiveCfg = Release|Any CPU
		{8C7593E0-E48B-4153-A47A-FE775F4789DC}.Release|Any CPU.Build.0 = Release|Any CPU
	EndGlobalSection
	GlobalSection(SolutionProperties) = preSolution
		HideSolutionNode = FALSE
	EndGlobalSection
	GlobalSection(ExtensibilityGlobals) = postSolution
		SolutionGuid = {A7BEEF59-46D7-4ADE-AEA0-77C109939E7A}
	EndGlobalSection
EndGlobal
